// !$*UTF8*$!
{
	archiveVersion = 1;
	classes = {
	};
	objectVersion = 77;
	objects = {

/* Begin PBXBuildFile section */
		49415A492EB2666C009AAD51 /* Reachability in Frameworks */ = {isa = PBXBuildFile; productRef = 49415A482EB2666C009AAD51 /* Reachability */; };
		496C91042EA8FC74008B8794 /* SequenceStats in Frameworks */ = {isa = PBXBuildFile; productRef = 496C91032EA8FC74008B8794 /* SequenceStats */; };
		49A09FA32E9074F9001EE4C9 /* ArgumentParser in Frameworks */ = {isa = PBXBuildFile; productRef = 49A09FA22E9074F9001EE4C9 /* ArgumentParser */; };
/* End PBXBuildFile section */

/* Begin PBXCopyFilesBuildPhase section */
		493AB2772E8C992100E89872 /* CopyFiles */ = {
			isa = PBXCopyFilesBuildPhase;
			buildActionMask = 2147483647;
			dstPath = /usr/share/man/man1/;
			dstSubfolderSpec = 0;
			files = (
			);
			runOnlyForDeploymentPostprocessing = 1;
		};
/* End PBXCopyFilesBuildPhase section */

/* Begin PBXFileReference section */
		493AB2792E8C992100E89872 /* httpPing */ = {isa = PBXFileReference; explicitFileType = "compiled.mach-o.executable"; includeInIndex = 0; path = httpPing; sourceTree = BUILT_PRODUCTS_DIR; };
		49CDF70D2E9D334400DB071C /* Readme.md */ = {isa = PBXFileReference; lastKnownFileType = net.daringfireball.markdown; path = Readme.md; sourceTree = "<group>"; };
/* End PBXFileReference section */

/* Begin PBXFileSystemSynchronizedRootGroup section */
		493AB27B2E8C992100E89872 /* httpPing */ = {
			isa = PBXFileSystemSynchronizedRootGroup;
			path = httpPing;
			sourceTree = "<group>";
		};
/* End PBXFileSystemSynchronizedRootGroup section */

/* Begin PBXFrameworksBuildPhase section */
		493AB2762E8C992100E89872 /* Frameworks */ = {
			isa = PBXFrameworksBuildPhase;
			buildActionMask = 2147483647;
			files = (
				49A09FA32E9074F9001EE4C9 /* ArgumentParser in Frameworks */,
				49415A492EB2666C009AAD51 /* Reachability in Frameworks */,
				496C91042EA8FC74008B8794 /* SequenceStats in Frameworks */,
			);
			runOnlyForDeploymentPostprocessing = 0;
		};
/* End PBXFrameworksBuildPhase section */

/* Begin PBXGroup section */
		493AB2702E8C992000E89872 = {
			isa = PBXGroup;
			children = (
				49CDF70D2E9D334400DB071C /* Readme.md */,
				493AB27B2E8C992100E89872 /* httpPing */,
				493AB27A2E8C992100E89872 /* Products */,
			);
			sourceTree = "<group>";
		};
		493AB27A2E8C992100E89872 /* Products */ = {
			isa = PBXGroup;
			children = (
				493AB2792E8C992100E89872 /* httpPing */,
			);
			name = Products;
			sourceTree = "<group>";
		};
/* End PBXGroup section */

/* Begin PBXNativeTarget section */
		493AB2782E8C992100E89872 /* httpPing */ = {
			isa = PBXNativeTarget;
			buildConfigurationList = 493AB2802E8C992100E89872 /* Build configuration list for PBXNativeTarget "httpPing" */;
			buildPhases = (
				493AB2752E8C992100E89872 /* Sources */,
				493AB2762E8C992100E89872 /* Frameworks */,
				493AB2772E8C992100E89872 /* CopyFiles */,
			);
			buildRules = (
			);
			dependencies = (
			);
			fileSystemSynchronizedGroups = (
				493AB27B2E8C992100E89872 /* httpPing */,
			);
			name = httpPing;
			packageProductDependencies = (
				49A09FA22E9074F9001EE4C9 /* ArgumentParser */,
				496C91032EA8FC74008B8794 /* SequenceStats */,
				49415A482EB2666C009AAD51 /* Reachability */,
			);
			productName = httpPing;
			productReference = 493AB2792E8C992100E89872 /* httpPing */;
			productType = "com.apple.product-type.tool";
		};
/* End PBXNativeTarget section */

/* Begin PBXProject section */
		493AB2712E8C992000E89872 /* Project object */ = {
			isa = PBXProject;
			attributes = {
				BuildIndependentTargetsInParallel = 1;
				LastSwiftUpdateCheck = 2610;
				LastUpgradeCheck = 2610;
				TargetAttributes = {
					493AB2782E8C992100E89872 = {
						CreatedOnToolsVersion = 26.1;
					};
				};
			};
			buildConfigurationList = 493AB2742E8C992000E89872 /* Build configuration list for PBXProject "httpPing" */;
			developmentRegion = en;
			hasScannedForEncodings = 0;
			knownRegions = (
				en,
				Base,
			);
			mainGroup = 493AB2702E8C992000E89872;
			minimizedProjectReferenceProxies = 1;
			packageReferences = (
				49A09FA12E9074F9001EE4C9 /* XCRemoteSwiftPackageReference "swift-argument-parser" */,
				496C91022EA8FC74008B8794 /* XCRemoteSwiftPackageReference "SequenceStats" */,
				49415A472EB2666C009AAD51 /* XCRemoteSwiftPackageReference "Reachability" */,
			);
			preferredProjectObjectVersion = 77;
			productRefGroup = 493AB27A2E8C992100E89872 /* Products */;
			projectDirPath = "";
			projectRoot = "";
			targets = (
				493AB2782E8C992100E89872 /* httpPing */,
			);
		};
/* End PBXProject section */

/* Begin PBXSourcesBuildPhase section */
		493AB2752E8C992100E89872 /* Sources */ = {
			isa = PBXSourcesBuildPhase;
			buildActionMask = 2147483647;
			files = (
			);
			runOnlyForDeploymentPostprocessing = 0;
		};
/* End PBXSourcesBuildPhase section */

/* Begin XCBuildConfiguration section */
		493AB27E2E8C992100E89872 /* Debug */ = {
			isa = XCBuildConfiguration;
			buildSettings = {
				ALWAYS_SEARCH_USER_PATHS = NO;
				ASSETCATALOG_COMPILER_GENERATE_SWIFT_ASSET_SYMBOL_EXTENSIONS = YES;
				CLANG_ANALYZER_NONNULL = YES;
				CLANG_ANALYZER_NUMBER_OBJECT_CONVERSION = YES_AGGRESSIVE;
				CLANG_CXX_LANGUAGE_STANDARD = "gnu++20";
				CLANG_ENABLE_MODULES = YES;
				CLANG_ENABLE_OBJC_ARC = YES;
				CLANG_ENABLE_OBJC_WEAK = YES;
				CLANG_WARN_BLOCK_CAPTURE_AUTORELEASING = YES;
				CLANG_WARN_BOOL_CONVERSION = YES;
				CLANG_WARN_COMMA = YES;
				CLANG_WARN_CONSTANT_CONVERSION = YES;
				CLANG_WARN_DEPRECATED_OBJC_IMPLEMENTATIONS = YES;
				CLANG_WARN_DIRECT_OBJC_ISA_USAGE = YES_ERROR;
				CLANG_WARN_DOCUMENTATION_COMMENTS = YES;
				CLANG_WARN_EMPTY_BODY = YES;
				CLANG_WARN_ENUM_CONVERSION = YES;
				CLANG_WARN_INFINITE_RECURSION = YES;
				CLANG_WARN_INT_CONVERSION = YES;
				CLANG_WARN_NON_LITERAL_NULL_CONVERSION = YES;
				CLANG_WARN_OBJC_IMPLICIT_RETAIN_SELF = YES;
				CLANG_WARN_OBJC_LITERAL_CONVERSION = YES;
				CLANG_WARN_OBJC_ROOT_CLASS = YES_ERROR;
				CLANG_WARN_QUOTED_INCLUDE_IN_FRAMEWORK_HEADER = YES;
				CLANG_WARN_RANGE_LOOP_ANALYSIS = YES;
				CLANG_WARN_STRICT_PROTOTYPES = YES;
				CLANG_WARN_SUSPICIOUS_MOVE = YES;
				CLANG_WARN_UNGUARDED_AVAILABILITY = YES_AGGRESSIVE;
				CLANG_WARN_UNREACHABLE_CODE = YES;
				CLANG_WARN__DUPLICATE_METHOD_MATCH = YES;
				COPY_PHASE_STRIP = NO;
				DEBUG_INFORMATION_FORMAT = dwarf;
				DEVELOPMENT_TEAM = NWK2EYP5Q6;
				ENABLE_STRICT_OBJC_MSGSEND = YES;
				ENABLE_TESTABILITY = YES;
				ENABLE_USER_SCRIPT_SANDBOXING = YES;
				GCC_C_LANGUAGE_STANDARD = gnu17;
				GCC_DYNAMIC_NO_PIC = NO;
				GCC_NO_COMMON_BLOCKS = YES;
				GCC_OPTIMIZATION_LEVEL = 0;
				GCC_PREPROCESSOR_DEFINITIONS = (
					"DEBUG=1",
					"$(inherited)",
				);
				GCC_WARN_64_TO_32_BIT_CONVERSION = YES;
				GCC_WARN_ABOUT_RETURN_TYPE = YES_ERROR;
				GCC_WARN_UNDECLARED_SELECTOR = YES;
				GCC_WARN_UNINITIALIZED_AUTOS = YES_AGGRESSIVE;
				GCC_WARN_UNUSED_FUNCTION = YES;
				GCC_WARN_UNUSED_VARIABLE = YES;
				LOCALIZATION_PREFERS_STRING_CATALOGS = YES;
				MACOSX_DEPLOYMENT_TARGET = 26.0;
				MTL_ENABLE_DEBUG_INFO = INCLUDE_SOURCE;
				MTL_FAST_MATH = YES;
				ONLY_ACTIVE_ARCH = YES;
				SDKROOT = macosx;
				SWIFT_ACTIVE_COMPILATION_CONDITIONS = "DEBUG $(inherited)";
				SWIFT_OPTIMIZATION_LEVEL = "-Onone";
			};
			name = Debug;
		};
		493AB27F2E8C992100E89872 /* Release */ = {
			isa = XCBuildConfiguration;
			buildSettings = {
				ALWAYS_SEARCH_USER_PATHS = NO;
				ASSETCATALOG_COMPILER_GENERATE_SWIFT_ASSET_SYMBOL_EXTENSIONS = YES;
				CLANG_ANALYZER_NONNULL = YES;
				CLANG_ANALYZER_NUMBER_OBJECT_CONVERSION = YES_AGGRESSIVE;
				CLANG_CXX_LANGUAGE_STANDARD = "gnu++20";
				CLANG_ENABLE_MODULES = YES;
				CLANG_ENABLE_OBJC_ARC = YES;
				CLANG_ENABLE_OBJC_WEAK = YES;
				CLANG_WARN_BLOCK_CAPTURE_AUTORELEASING = YES;
				CLANG_WARN_BOOL_CONVERSION = YES;
				CLANG_WARN_COMMA = YES;
				CLANG_WARN_CONSTANT_CONVERSION = YES;
				CLANG_WARN_DEPRECATED_OBJC_IMPLEMENTATIONS = YES;
				CLANG_WARN_DIRECT_OBJC_ISA_USAGE = YES_ERROR;
				CLANG_WARN_DOCUMENTATION_COMMENTS = YES;
				CLANG_WARN_EMPTY_BODY = YES;
				CLANG_WARN_ENUM_CONVERSION = YES;
				CLANG_WARN_INFINITE_RECURSION = YES;
				CLANG_WARN_INT_CONVERSION = YES;
				CLANG_WARN_NON_LITERAL_NULL_CONVERSION = YES;
				CLANG_WARN_OBJC_IMPLICIT_RETAIN_SELF = YES;
				CLANG_WARN_OBJC_LITERAL_CONVERSION = YES;
				CLANG_WARN_OBJC_ROOT_CLASS = YES_ERROR;
				CLANG_WARN_QUOTED_INCLUDE_IN_FRAMEWORK_HEADER = YES;
				CLANG_WARN_RANGE_LOOP_ANALYSIS = YES;
				CLANG_WARN_STRICT_PROTOTYPES = YES;
				CLANG_WARN_SUSPICIOUS_MOVE = YES;
				CLANG_WARN_UNGUARDED_AVAILABILITY = YES_AGGRESSIVE;
				CLANG_WARN_UNREACHABLE_CODE = YES;
				CLANG_WARN__DUPLICATE_METHOD_MATCH = YES;
				COPY_PHASE_STRIP = NO;
				DEBUG_INFORMATION_FORMAT = "dwarf-with-dsym";
				DEVELOPMENT_TEAM = NWK2EYP5Q6;
				ENABLE_NS_ASSERTIONS = NO;
				ENABLE_STRICT_OBJC_MSGSEND = YES;
				ENABLE_USER_SCRIPT_SANDBOXING = YES;
				GCC_C_LANGUAGE_STANDARD = gnu17;
				GCC_NO_COMMON_BLOCKS = YES;
				GCC_WARN_64_TO_32_BIT_CONVERSION = YES;
				GCC_WARN_ABOUT_RETURN_TYPE = YES_ERROR;
				GCC_WARN_UNDECLARED_SELECTOR = YES;
				GCC_WARN_UNINITIALIZED_AUTOS = YES_AGGRESSIVE;
				GCC_WARN_UNUSED_FUNCTION = YES;
				GCC_WARN_UNUSED_VARIABLE = YES;
				LOCALIZATION_PREFERS_STRING_CATALOGS = YES;
				MACOSX_DEPLOYMENT_TARGET = 26.0;
				MTL_ENABLE_DEBUG_INFO = NO;
				MTL_FAST_MATH = YES;
				SDKROOT = macosx;
				SWIFT_COMPILATION_MODE = wholemodule;
			};
			name = Release;
		};
		493AB2812E8C992100E89872 /* Debug */ = {
			isa = XCBuildConfiguration;
			buildSettings = {
				CODE_SIGN_STYLE = Automatic;
				DEVELOPMENT_TEAM = NWK2EYP5Q6;
				ENABLE_HARDENED_RUNTIME = YES;
				PRODUCT_NAME = "$(TARGET_NAME)";
				SWIFT_APPROACHABLE_CONCURRENCY = YES;
				SWIFT_DEFAULT_ACTOR_ISOLATION = MainActor;
				SWIFT_OBJC_INTEROP_MODE = objcxx;
				SWIFT_STRICT_MEMORY_SAFETY = YES;
				SWIFT_UPCOMING_FEATURE_MEMBER_IMPORT_VISIBILITY = YES;
				SWIFT_VERSION = 6.0;
			};
			name = Debug;
		};
		493AB2822E8C992100E89872 /* Release */ = {
			isa = XCBuildConfiguration;
			buildSettings = {
				CODE_SIGN_STYLE = Automatic;
				DEVELOPMENT_TEAM = NWK2EYP5Q6;
				ENABLE_HARDENED_RUNTIME = YES;
				PRODUCT_NAME = "$(TARGET_NAME)";
				SWIFT_APPROACHABLE_CONCURRENCY = YES;
				SWIFT_DEFAULT_ACTOR_ISOLATION = MainActor;
				SWIFT_OBJC_INTEROP_MODE = objcxx;
				SWIFT_STRICT_MEMORY_SAFETY = YES;
				SWIFT_UPCOMING_FEATURE_MEMBER_IMPORT_VISIBILITY = YES;
				SWIFT_VERSION = 6.0;
			};
			name = Release;
		};
/* End XCBuildConfiguration section */

/* Begin XCConfigurationList section */
		493AB2742E8C992000E89872 /* Build configuration list for PBXProject "httpPing" */ = {
			isa = XCConfigurationList;
			buildConfigurations = (
				493AB27E2E8C992100E89872 /* Debug */,
				493AB27F2E8C992100E89872 /* Release */,
			);
			defaultConfigurationIsVisible = 0;
			defaultConfigurationName = Release;
		};
		493AB2802E8C992100E89872 /* Build configuration list for PBXNativeTarget "httpPing" */ = {
			isa = XCConfigurationList;
			buildConfigurations = (
				493AB2812E8C992100E89872 /* Debug */,
				493AB2822E8C992100E89872 /* Release */,
			);
			defaultConfigurationIsVisible = 0;
			defaultConfigurationName = Release;
		};
/* End XCConfigurationList section */

/* Begin XCRemoteSwiftPackageReference section */
		49415A472EB2666C009AAD51 /* XCRemoteSwiftPackageReference "Reachability" */ = {
			isa = XCRemoteSwiftPackageReference;
			repositoryURL = "https://github.com/disc0infern0/Reachability/";
			requirement = {
				branch = main;
				kind = branch;
			};
		};
		496C91022EA8FC74008B8794 /* XCRemoteSwiftPackageReference "SequenceStats" */ = {
			isa = XCRemoteSwiftPackageReference;
			repositoryURL = "https://github.com/disc0infern0/SequenceStats";
			requirement = {
				branch = main;
				kind = branch;
			};
		};
		49A09FA12E9074F9001EE4C9 /* XCRemoteSwiftPackageReference "swift-argument-parser" */ = {
			isa = XCRemoteSwiftPackageReference;
			repositoryURL = "https://github.com/apple/swift-argument-parser.git";
			requirement = {
				kind = upToNextMajorVersion;
				minimumVersion = 1.6.1;
			};
		};
/* End XCRemoteSwiftPackageReference section */

/* Begin XCSwiftPackageProductDependency section */
		49415A482EB2666C009AAD51 /* Reachability */ = {
			isa = XCSwiftPackageProductDependency;
			package = 49415A472EB2666C009AAD51 /* XCRemoteSwiftPackageReference "Reachability" */;
			productName = Reachability;
		};
		496C91032EA8FC74008B8794 /* SequenceStats */ = {
			isa = XCSwiftPackageProductDependency;
			package = 496C91022EA8FC74008B8794 /* XCRemoteSwiftPackageReference "SequenceStats" */;
			productName = SequenceStats;
		};
		49A09FA22E9074F9001EE4C9 /* ArgumentParser */ = {
			isa = XCSwiftPackageProductDependency;
			package = 49A09FA12E9074F9001EE4C9 /* XCRemoteSwiftPackageReference "swift-argument-parser" */;
			productName = ArgumentParser;
		};
/* End XCSwiftPackageProductDependency section */
	};
	rootObject = 493AB2712E8C992000E89872 /* Project object */;
}
